
Microsoft Visual Studio Solution File, Format Version 12.00
# Visual Studio Version 17
VisualStudioVersion = 17.10.35013.160
MinimumVisualStudioVersion = 10.0.40219.1
Project("{FAE04EC0-301F-11D3-BF4B-00C04F79EFBC}") = "CRUDTestTask", "CRUDTestTask\CRUDTestTask.csproj", "{FB375C9C-4B77-41B9-B167-BD8E73D06083}"
EndProject
Global
	GlobalSection(SolutionConfigurationPlatforms) = preSolution
		Debug|Any CPU = Debug|Any CPU
		Release|Any CPU = Release|Any CPU
	EndGlobalSection
	GlobalSection(ProjectConfigurationPlatforms) = postSolution
		{FB375C9C-4B77-41B9-B167-BD8E73D06083}.Debug|Any CPU.ActiveCfg = Debug|Any CPU
		{FB375C9C-4B77-41B9-B167-BD8E73D06083}.Debug|Any CPU.Build.0 = Debug|Any CPU
		{FB375C9C-4B77-41B9-B167-BD8E73D06083}.Release|Any CPU.ActiveCfg = Release|Any CPU
		{FB375C9C-4B77-41B9-B167-BD8E73D06083}.Release|Any CPU.Build.0 = Release|Any CPU
	EndGlobalSection
	GlobalSection(SolutionProperties) = preSolution
		HideSolutionNode = FALSE
	EndGlobalSection
	GlobalSection(ExtensibilityGlobals) = postSolution
		SolutionGuid = {97AA756E-A30A-40F0-9957-773BC80EE307}
	EndGlobalSection
EndGlobal
